
Microsoft Visual Studio Solution File, Format Version 12.00
# Visual Studio Version 17
VisualStudioVersion = 17.13.35825.156 d17.13
MinimumVisualStudioVersion = 10.0.40219.1
Project("{FAE04EC0-301F-11D3-BF4B-00C04F79EFBC}") = "Validation_Formulaire_Banque", "Validation_Formulaire_Banque\Validation_Formulaire_Banque.csproj", "{AFC8F781-6F33-403F-92A3-9C895F76ABEF}"
EndProject
Global
	GlobalSection(SolutionConfigurationPlatforms) = preSolution
		Debug|Any CPU = Debug|Any CPU
		Release|Any CPU = Release|Any CPU
	EndGlobalSection
	GlobalSection(ProjectConfigurationPlatforms) = postSolution
		{AFC8F781-6F33-403F-92A3-9C895F76ABEF}.Debug|Any CPU.ActiveCfg = Debug|Any CPU
		{AFC8F781-6F33-403F-92A3-9C895F76ABEF}.Debug|Any CPU.Build.0 = Debug|Any CPU
		{AFC8F781-6F33-403F-92A3-9C895F76ABEF}.Release|Any CPU.ActiveCfg = Release|Any CPU
		{AFC8F781-6F33-403F-92A3-9C895F76ABEF}.Release|Any CPU.Build.0 = Release|Any CPU
	EndGlobalSection
	GlobalSection(SolutionProperties) = preSolution
		HideSolutionNode = FALSE
	EndGlobalSection
	GlobalSection(ExtensibilityGlobals) = postSolution
		SolutionGuid = {E25794F9-1BBD-4CBE-BC12-46AE4D7B05A5}
	EndGlobalSection
EndGlobal
